
Microsoft Visual Studio Solution File, Format Version 12.00
# Visual Studio Version 17
VisualStudioVersion = 17.0.32014.148
MinimumVisualStudioVersion = 10.0.40219.1
Project("{FAE04EC0-301F-11D3-BF4B-00C04F79EFBC}") = "DERrestaurant3", "DERrestaurant3\DERrestaurant3.csproj", "{2EFCC74D-19E8-44D6-8B7F-BEE5A04F9543}"
EndProject
Global
	GlobalSection(SolutionConfigurationPlatforms) = preSolution
		Debug|Any CPU = Debug|Any CPU
		Release|Any CPU = Release|Any CPU
	EndGlobalSection
	GlobalSection(ProjectConfigurationPlatforms) = postSolution
		{2EFCC74D-19E8-44D6-8B7F-BEE5A04F9543}.Debug|Any CPU.ActiveCfg = Debug|Any CPU
		{2EFCC74D-19E8-44D6-8B7F-BEE5A04F9543}.Debug|Any CPU.Build.0 = Debug|Any CPU
		{2EFCC74D-19E8-44D6-8B7F-BEE5A04F9543}.Release|Any CPU.ActiveCfg = Release|Any CPU
		{2EFCC74D-19E8-44D6-8B7F-BEE5A04F9543}.Release|Any CPU.Build.0 = Release|Any CPU
	EndGlobalSection
	GlobalSection(SolutionProperties) = preSolution
		HideSolutionNode = FALSE
	EndGlobalSection
	GlobalSection(ExtensibilityGlobals) = postSolution
		SolutionGuid = {11D2F2E7-12B4-47A8-BC15-393B55318D94}
	EndGlobalSection
EndGlobal
